dependencies:
- name: spring-boot
  repository: file://../spring-boot
  version: 0.1.3
- name: spring-boot
  repository: file://../spring-boot
  version: 0.1.3
- name: spring-boot
  repository: file://../spring-boot
  version: 0.1.3
digest: sha256:dd99442f1775c75f4fbc08818465d7f17c5dde6791ac284f05aa5cf0bc22a4c4
generated: "2020-05-13T12:48:01.5962813-04:00"
